// !$*UTF8*$!
{
	archiveVersion = 1;
	classes = {
	};
	objectVersion = 50;
	objects = {

/* Begin PBXBuildFile section */
		39A104E625AD79E1000E81F0 /* AppDelegate.swift in Sources */ = {isa = PBXBuildFile; fileRef = 39A104E525AD79E1000E81F0 /* AppDelegate.swift */; };
		39A104E825AD79E1000E81F0 /* SceneDelegate.swift in Sources */ = {isa = PBXBuildFile; fileRef = 39A104E725AD79E1000E81F0 /* SceneDelegate.swift */; };
		39A104EA25AD79E1000E81F0 /* ViewController.swift in Sources */ = {isa = PBXBuildFile; fileRef = 39A104E925AD79E1000E81F0 /* ViewController.swift */; };
		39A104ED25AD79E1000E81F0 /* Main.storyboard in Resources */ = {isa = PBXBuildFile; fileRef = 39A104EB25AD79E1000E81F0 /* Main.storyboard */; };
		39A104EF25AD79E4000E81F0 /* Assets.xcassets in Resources */ = {isa = PBXBuildFile; fileRef = 39A104EE25AD79E4000E81F0 /* Assets.xcassets */; };
		39A104F225AD79E4000E81F0 /* LaunchScreen.storyboard in Resources */ = {isa = PBXBuildFile; fileRef = 39A104F025AD79E4000E81F0 /* LaunchScreen.storyboard */; };
		39A104FD25AD79E5000E81F0 /* BreakingBadCharactersTests.swift in Sources */ = {isa = PBXBuildFile; fileRef = 39A104FC25AD79E5000E81F0 /* BreakingBadCharactersTests.swift */; };
		39A1050825AD79E5000E81F0 /* BreakingBadCharactersUITests.swift in Sources */ = {isa = PBXBuildFile; fileRef = 39A1050725AD79E5000E81F0 /* BreakingBadCharactersUITests.swift */; };
/* End PBXBuildFile section */

/* Begin PBXContainerItemProxy section */
		39A104F925AD79E5000E81F0 /* PBXContainerItemProxy */ = {
			isa = PBXContainerItemProxy;
			containerPortal = 39A104DA25AD79E1000E81F0 /* Project object */;
			proxyType = 1;
			remoteGlobalIDString = 39A104E125AD79E1000E81F0;
			remoteInfo = BreakingBadCharacters;
		};
		39A1050425AD79E5000E81F0 /* PBXContainerItemProxy */ = {
			isa = PBXContainerItemProxy;
			containerPortal = 39A104DA25AD79E1000E81F0 /* Project object */;
			proxyType = 1;
			remoteGlobalIDString = 39A104E125AD79E1000E81F0;
			remoteInfo = BreakingBadCharacters;
		};
/* End PBXContainerItemProxy section */

/* Begin PBXFileReference section */
		39A104E225AD79E1000E81F0 /* BreakingBadCharacters.app */ = {isa = PBXFileReference; explicitFileType = wrapper.application; includeInIndex = 0; path = BreakingBadCharacters.app; sourceTree = BUILT_PRODUCTS_DIR; };
		39A104E525AD79E1000E81F0 /* AppDelegate.swift */ = {isa = PBXFileReference; lastKnownFileType = sourcecode.swift; path = AppDelegate.swift; sourceTree = "<group>"; };
		39A104E725AD79E1000E81F0 /* SceneDelegate.swift */ = {isa = PBXFileReference; lastKnownFileType = sourcecode.swift; path = SceneDelegate.swift; sourceTree = "<group>"; };
		39A104E925AD79E1000E81F0 /* ViewController.swift */ = {isa = PBXFileReference; lastKnownFileType = sourcecode.swift; path = ViewController.swift; sourceTree = "<group>"; };
		39A104EC25AD79E1000E81F0 /* Base */ = {isa = PBXFileReference; lastKnownFileType = file.storyboard; name = Base; path = Base.lproj/Main.storyboard; sourceTree = "<group>"; };
		39A104EE25AD79E4000E81F0 /* Assets.xcassets */ = {isa = PBXFileReference; lastKnownFileType = folder.assetcatalog; path = Assets.xcassets; sourceTree = "<group>"; };
		39A104F125AD79E4000E81F0 /* Base */ = {isa = PBXFileReference; lastKnownFileType = file.storyboard; name = Base; path = Base.lproj/LaunchScreen.storyboard; sourceTree = "<group>"; };
		39A104F325AD79E4000E81F0 /* Info.plist */ = {isa = PBXFileReference; lastKnownFileType = text.plist.xml; path = Info.plist; sourceTree = "<group>"; };
		39A104F825AD79E5000E81F0 /* BreakingBadCharactersTests.xctest */ = {isa = PBXFileReference; explicitFileType = wrapper.cfbundle; includeInIndex = 0; path = BreakingBadCharactersTests.xctest; sourceTree = BUILT_PRODUCTS_DIR; };
		39A104FC25AD79E5000E81F0 /* BreakingBadCharactersTests.swift */ = {isa = PBXFileReference; lastKnownFileType = sourcecode.swift; path = BreakingBadCharactersTests.swift; sourceTree = "<group>"; };
		39A104FE25AD79E5000E81F0 /* Info.plist */ = {isa = PBXFileReference; lastKnownFileType = text.plist.xml; path = Info.plist; sourceTree = "<group>"; };
		39A1050325AD79E5000E81F0 /* BreakingBadCharactersUITests.xctest */ = {isa = PBXFileReference; explicitFileType = wrapper.cfbundle; includeInIndex = 0; path = BreakingBadCharactersUITests.xctest; sourceTree = BUILT_PRODUCTS_DIR; };
		39A1050725AD79E5000E81F0 /* BreakingBadCharactersUITests.swift */ = {isa = PBXFileReference; lastKnownFileType = sourcecode.swift; path = BreakingBadCharactersUITests.swift; sourceTree = "<group>"; };
		39A1050925AD79E5000E81F0 /* Info.plist */ = {isa = PBXFileReference; lastKnownFileType = text.plist.xml; path = Info.plist; sourceTree = "<group>"; };
/* End PBXFileReference section */

/* Begin PBXFrameworksBuildPhase section */
		39A104DF25AD79E1000E81F0 /* Frameworks */ = {
			isa = PBXFrameworksBuildPhase;
			buildActionMask = 2147483647;
			files = (
			);
			runOnlyForDeploymentPostprocessing = 0;
		};
		39A104F525AD79E5000E81F0 /* Frameworks */ = {
			isa = PBXFrameworksBuildPhase;
			buildActionMask = 2147483647;
			files = (
			);
			runOnlyForDeploymentPostprocessing = 0;
		};
		39A1050025AD79E5000E81F0 /* Frameworks */ = {
			isa = PBXFrameworksBuildPhase;
			buildActionMask = 2147483647;
			files = (
			);
			runOnlyForDeploymentPostprocessing = 0;
		};
/* End PBXFrameworksBuildPhase section */

/* Begin PBXGroup section */
		39A104D925AD79E1000E81F0 = {
			isa = PBXGroup;
			children = (
				39A104E425AD79E1000E81F0 /* BreakingBadCharacters */,
				39A104FB25AD79E5000E81F0 /* BreakingBadCharactersTests */,
				39A1050625AD79E5000E81F0 /* BreakingBadCharactersUITests */,
				39A104E325AD79E1000E81F0 /* Products */,
			);
			sourceTree = "<group>";
		};
		39A104E325AD79E1000E81F0 /* Products */ = {
			isa = PBXGroup;
			children = (
				39A104E225AD79E1000E81F0 /* BreakingBadCharacters.app */,
				39A104F825AD79E5000E81F0 /* BreakingBadCharactersTests.xctest */,
				39A1050325AD79E5000E81F0 /* BreakingBadCharactersUITests.xctest */,
			);
			name = Products;
			sourceTree = "<group>";
		};
		39A104E425AD79E1000E81F0 /* BreakingBadCharacters */ = {
			isa = PBXGroup;
			children = (
				39A104E525AD79E1000E81F0 /* AppDelegate.swift */,
				39A104E725AD79E1000E81F0 /* SceneDelegate.swift */,
				39A104E925AD79E1000E81F0 /* ViewController.swift */,
				39A104EB25AD79E1000E81F0 /* Main.storyboard */,
				39A104EE25AD79E4000E81F0 /* Assets.xcassets */,
				39A104F025AD79E4000E81F0 /* LaunchScreen.storyboard */,
				39A104F325AD79E4000E81F0 /* Info.plist */,
			);
			path = BreakingBadCharacters;
			sourceTree = "<group>";
		};
		39A104FB25AD79E5000E81F0 /* BreakingBadCharactersTests */ = {
			isa = PBXGroup;
			children = (
				39A104FC25AD79E5000E81F0 /* BreakingBadCharactersTests.swift */,
				39A104FE25AD79E5000E81F0 /* Info.plist */,
			);
			path = BreakingBadCharactersTests;
			sourceTree = "<group>";
		};
		39A1050625AD79E5000E81F0 /* BreakingBadCharactersUITests */ = {
			isa = PBXGroup;
			children = (
				39A1050725AD79E5000E81F0 /* BreakingBadCharactersUITests.swift */,
				39A1050925AD79E5000E81F0 /* Info.plist */,
			);
			path = BreakingBadCharactersUITests;
			sourceTree = "<group>";
		};
/* End PBXGroup section */

/* Begin PBXNativeTarget section */
		39A104E125AD79E1000E81F0 /* BreakingBadCharacters */ = {
			isa = PBXNativeTarget;
			buildConfigurationList = 39A1050C25AD79E5000E81F0 /* Build configuration list for PBXNativeTarget "BreakingBadCharacters" */;
			buildPhases = (
				39A104DE25AD79E1000E81F0 /* Sources */,
				39A104DF25AD79E1000E81F0 /* Frameworks */,
				39A104E025AD79E1000E81F0 /* Resources */,
			);
			buildRules = (
			);
			dependencies = (
			);
			name = BreakingBadCharacters;
			productName = BreakingBadCharacters;
			productReference = 39A104E225AD79E1000E81F0 /* BreakingBadCharacters.app */;
			productType = "com.apple.product-type.application";
		};
		39A104F725AD79E5000E81F0 /* BreakingBadCharactersTests */ = {
			isa = PBXNativeTarget;
			buildConfigurationList = 39A1050F25AD79E5000E81F0 /* Build configuration list for PBXNativeTarget "BreakingBadCharactersTests" */;
			buildPhases = (
				39A104F425AD79E5000E81F0 /* Sources */,
				39A104F525AD79E5000E81F0 /* Frameworks */,
				39A104F625AD79E5000E81F0 /* Resources */,
			);
			buildRules = (
			);
			dependencies = (
				39A104FA25AD79E5000E81F0 /* PBXTargetDependency */,
			);
			name = BreakingBadCharactersTests;
			productName = BreakingBadCharactersTests;
			productReference = 39A104F825AD79E5000E81F0 /* BreakingBadCharactersTests.xctest */;
			productType = "com.apple.product-type.bundle.unit-test";
		};
		39A1050225AD79E5000E81F0 /* BreakingBadCharactersUITests */ = {
			isa = PBXNativeTarget;
			buildConfigurationList = 39A1051225AD79E5000E81F0 /* Build configuration list for PBXNativeTarget "BreakingBadCharactersUITests" */;
			buildPhases = (
				39A104FF25AD79E5000E81F0 /* Sources */,
				39A1050025AD79E5000E81F0 /* Frameworks */,
				39A1050125AD79E5000E81F0 /* Resources */,
			);
			buildRules = (
			);
			dependencies = (
				39A1050525AD79E5000E81F0 /* PBXTargetDependency */,
			);
			name = BreakingBadCharactersUITests;
			productName = BreakingBadCharactersUITests;
			productReference = 39A1050325AD79E5000E81F0 /* BreakingBadCharactersUITests.xctest */;
			productType = "com.apple.product-type.bundle.ui-testing";
		};
/* End PBXNativeTarget section */

/* Begin PBXProject section */
		39A104DA25AD79E1000E81F0 /* Project object */ = {
			isa = PBXProject;
			attributes = {
				LastSwiftUpdateCheck = 1220;
				LastUpgradeCheck = 1220;
				TargetAttributes = {
					39A104E125AD79E1000E81F0 = {
						CreatedOnToolsVersion = 12.2;
					};
					39A104F725AD79E5000E81F0 = {
						CreatedOnToolsVersion = 12.2;
						TestTargetID = 39A104E125AD79E1000E81F0;
					};
					39A1050225AD79E5000E81F0 = {
						CreatedOnToolsVersion = 12.2;
						TestTargetID = 39A104E125AD79E1000E81F0;
					};
				};
			};
			buildConfigurationList = 39A104DD25AD79E1000E81F0 /* Build configuration list for PBXProject "BreakingBadCharacters" */;
			compatibilityVersion = "Xcode 9.3";
			developmentRegion = en;
			hasScannedForEncodings = 0;
			knownRegions = (
				en,
				Base,
			);
			mainGroup = 39A104D925AD79E1000E81F0;
			productRefGroup = 39A104E325AD79E1000E81F0 /* Products */;
			projectDirPath = "";
			projectRoot = "";
			targets = (
				39A104E125AD79E1000E81F0 /* BreakingBadCharacters */,
				39A104F725AD79E5000E81F0 /* BreakingBadCharactersTests */,
				39A1050225AD79E5000E81F0 /* BreakingBadCharactersUITests */,
			);
		};
/* End PBXProject section */

/* Begin PBXResourcesBuildPhase section */
		39A104E025AD79E1000E81F0 /* Resources */ = {
			isa = PBXResourcesBuildPhase;
			buildActionMask = 2147483647;
			files = (
				39A104F225AD79E4000E81F0 /* LaunchScreen.storyboard in Resources */,
				39A104EF25AD79E4000E81F0 /* Assets.xcassets in Resources */,
				39A104ED25AD79E1000E81F0 /* Main.storyboard in Resources */,
			);
			runOnlyForDeploymentPostprocessing = 0;
		};
		39A104F625AD79E5000E81F0 /* Resources */ = {
			isa = PBXResourcesBuildPhase;
			buildActionMask = 2147483647;
			files = (
			);
			runOnlyForDeploymentPostprocessing = 0;
		};
		39A1050125AD79E5000E81F0 /* Resources */ = {
			isa = PBXResourcesBuildPhase;
			buildActionMask = 2147483647;
			files = (
			);
			runOnlyForDeploymentPostprocessing = 0;
		};
/* End PBXResourcesBuildPhase section */

/* Begin PBXSourcesBuildPhase section */
		39A104DE25AD79E1000E81F0 /* Sources */ = {
			isa = PBXSourcesBuildPhase;
			buildActionMask = 2147483647;
			files = (
				39A104EA25AD79E1000E81F0 /* ViewController.swift in Sources */,
				39A104E625AD79E1000E81F0 /* AppDelegate.swift in Sources */,
				39A104E825AD79E1000E81F0 /* SceneDelegate.swift in Sources */,
			);
			runOnlyForDeploymentPostprocessing = 0;
		};
		39A104F425AD79E5000E81F0 /* Sources */ = {
			isa = PBXSourcesBuildPhase;
			buildActionMask = 2147483647;
			files = (
				39A104FD25AD79E5000E81F0 /* BreakingBadCharactersTests.swift in Sources */,
			);
			runOnlyForDeploymentPostprocessing = 0;
		};
		39A104FF25AD79E5000E81F0 /* Sources */ = {
			isa = PBXSourcesBuildPhase;
			buildActionMask = 2147483647;
			files = (
				39A1050825AD79E5000E81F0 /* BreakingBadCharactersUITests.swift in Sources */,
			);
			runOnlyForDeploymentPostprocessing = 0;
		};
/* End PBXSourcesBuildPhase section */

/* Begin PBXTargetDependency section */
		39A104FA25AD79E5000E81F0 /* PBXTargetDependency */ = {
			isa = PBXTargetDependency;
			target = 39A104E125AD79E1000E81F0 /* BreakingBadCharacters */;
			targetProxy = 39A104F925AD79E5000E81F0 /* PBXContainerItemProxy */;
		};
		39A1050525AD79E5000E81F0 /* PBXTargetDependency */ = {
			isa = PBXTargetDependency;
			target = 39A104E125AD79E1000E81F0 /* BreakingBadCharacters */;
			targetProxy = 39A1050425AD79E5000E81F0 /* PBXContainerItemProxy */;
		};
/* End PBXTargetDependency section */

/* Begin PBXVariantGroup section */
		39A104EB25AD79E1000E81F0 /* Main.storyboard */ = {
			isa = PBXVariantGroup;
			children = (
				39A104EC25AD79E1000E81F0 /* Base */,
			);
			name = Main.storyboard;
			sourceTree = "<group>";
		};
		39A104F025AD79E4000E81F0 /* LaunchScreen.storyboard */ = {
			isa = PBXVariantGroup;
			children = (
				39A104F125AD79E4000E81F0 /* Base */,
			);
			name = LaunchScreen.storyboard;
			sourceTree = "<group>";
		};
/* End PBXVariantGroup section */

/* Begin XCBuildConfiguration section */
		39A1050A25AD79E5000E81F0 /* Debug */ = {
			isa = XCBuildConfiguration;
			buildSettings = {
				ALWAYS_SEARCH_USER_PATHS = NO;
				CLANG_ANALYZER_NONNULL = YES;
				CLANG_ANALYZER_NUMBER_OBJECT_CONVERSION = YES_AGGRESSIVE;
				CLANG_CXX_LANGUAGE_STANDARD = "gnu++14";
				CLANG_CXX_LIBRARY = "libc++";
				CLANG_ENABLE_MODULES = YES;
				CLANG_ENABLE_OBJC_ARC = YES;
				CLANG_ENABLE_OBJC_WEAK = YES;
				CLANG_WARN_BLOCK_CAPTURE_AUTORELEASING = YES;
				CLANG_WARN_BOOL_CONVERSION = YES;
				CLANG_WARN_COMMA = YES;
				CLANG_WARN_CONSTANT_CONVERSION = YES;
				CLANG_WARN_DEPRECATED_OBJC_IMPLEMENTATIONS = YES;
				CLANG_WARN_DIRECT_OBJC_ISA_USAGE = YES_ERROR;
				CLANG_WARN_DOCUMENTATION_COMMENTS = YES;
				CLANG_WARN_EMPTY_BODY = YES;
				CLANG_WARN_ENUM_CONVERSION = YES;
				CLANG_WARN_INFINITE_RECURSION = YES;
				CLANG_WARN_INT_CONVERSION = YES;
				CLANG_WARN_NON_LITERAL_NULL_CONVERSION = YES;
				CLANG_WARN_OBJC_IMPLICIT_RETAIN_SELF = YES;
				CLANG_WARN_OBJC_LITERAL_CONVERSION = YES;
				CLANG_WARN_OBJC_ROOT_CLASS = YES_ERROR;
				CLANG_WARN_QUOTED_INCLUDE_IN_FRAMEWORK_HEADER = YES;
				CLANG_WARN_RANGE_LOOP_ANALYSIS = YES;
				CLANG_WARN_STRICT_PROTOTYPES = YES;
				CLANG_WARN_SUSPICIOUS_MOVE = YES;
				CLANG_WARN_UNGUARDED_AVAILABILITY = YES_AGGRESSIVE;
				CLANG_WARN_UNREACHABLE_CODE = YES;
				CLANG_WARN__DUPLICATE_METHOD_MATCH = YES;
				COPY_PHASE_STRIP = NO;
				DEBUG_INFORMATION_FORMAT = dwarf;
				ENABLE_STRICT_OBJC_MSGSEND = YES;
				ENABLE_TESTABILITY = YES;
				GCC_C_LANGUAGE_STANDARD = gnu11;
				GCC_DYNAMIC_NO_PIC = NO;
				GCC_NO_COMMON_BLOCKS = YES;
				GCC_OPTIMIZATION_LEVEL = 0;
				GCC_PREPROCESSOR_DEFINITIONS = (
					"DEBUG=1",
					"$(inherited)",
				);
				GCC_WARN_64_TO_32_BIT_CONVERSION = YES;
				GCC_WARN_ABOUT_RETURN_TYPE = YES_ERROR;
				GCC_WARN_UNDECLARED_SELECTOR = YES;
				GCC_WARN_UNINITIALIZED_AUTOS = YES_AGGRESSIVE;
				GCC_WARN_UNUSED_FUNCTION = YES;
				GCC_WARN_UNUSED_VARIABLE = YES;
				IPHONEOS_DEPLOYMENT_TARGET = 14.2;
				MTL_ENABLE_DEBUG_INFO = INCLUDE_SOURCE;
				MTL_FAST_MATH = YES;
				ONLY_ACTIVE_ARCH = YES;
				SDKROOT = iphoneos;
				SWIFT_ACTIVE_COMPILATION_CONDITIONS = DEBUG;
				SWIFT_OPTIMIZATION_LEVEL = "-Onone";
			};
			name = Debug;
		};
		39A1050B25AD79E5000E81F0 /* Release */ = {
			isa = XCBuildConfiguration;
			buildSettings = {
				ALWAYS_SEARCH_USER_PATHS = NO;
				CLANG_ANALYZER_NONNULL = YES;
				CLANG_ANALYZER_NUMBER_OBJECT_CONVERSION = YES_AGGRESSIVE;
				CLANG_CXX_LANGUAGE_STANDARD = "gnu++14";
				CLANG_CXX_LIBRARY = "libc++";
				CLANG_ENABLE_MODULES = YES;
				CLANG_ENABLE_OBJC_ARC = YES;
				CLANG_ENABLE_OBJC_WEAK = YES;
				CLANG_WARN_BLOCK_CAPTURE_AUTORELEASING = YES;
				CLANG_WARN_BOOL_CONVERSION = YES;
				CLANG_WARN_COMMA = YES;
				CLANG_WARN_CONSTANT_CONVERSION = YES;
				CLANG_WARN_DEPRECATED_OBJC_IMPLEMENTATIONS = YES;
				CLANG_WARN_DIRECT_OBJC_ISA_USAGE = YES_ERROR;
				CLANG_WARN_DOCUMENTATION_COMMENTS = YES;
				CLANG_WARN_EMPTY_BODY = YES;
				CLANG_WARN_ENUM_CONVERSION = YES;
				CLANG_WARN_INFINITE_RECURSION = YES;
				CLANG_WARN_INT_CONVERSION = YES;
				CLANG_WARN_NON_LITERAL_NULL_CONVERSION = YES;
				CLANG_WARN_OBJC_IMPLICIT_RETAIN_SELF = YES;
				CLANG_WARN_OBJC_LITERAL_CONVERSION = YES;
				CLANG_WARN_OBJC_ROOT_CLASS = YES_ERROR;
				CLANG_WARN_QUOTED_INCLUDE_IN_FRAMEWORK_HEADER = YES;
				CLANG_WARN_RANGE_LOOP_ANALYSIS = YES;
				CLANG_WARN_STRICT_PROTOTYPES = YES;
				CLANG_WARN_SUSPICIOUS_MOVE = YES;
				CLANG_WARN_UNGUARDED_AVAILABILITY = YES_AGGRESSIVE;
				CLANG_WARN_UNREACHABLE_CODE = YES;
				CLANG_WARN__DUPLICATE_METHOD_MATCH = YES;
				COPY_PHASE_STRIP = NO;
				DEBUG_INFORMATION_FORMAT = "dwarf-with-dsym";
				ENABLE_NS_ASSERTIONS = NO;
				ENABLE_STRICT_OBJC_MSGSEND = YES;
				GCC_C_LANGUAGE_STANDARD = gnu11;
				GCC_NO_COMMON_BLOCKS = YES;
				GCC_WARN_64_TO_32_BIT_CONVERSION = YES;
				GCC_WARN_ABOUT_RETURN_TYPE = YES_ERROR;
				GCC_WARN_UNDECLARED_SELECTOR = YES;
				GCC_WARN_UNINITIALIZED_AUTOS = YES_AGGRESSIVE;
				GCC_WARN_UNUSED_FUNCTION = YES;
				GCC_WARN_UNUSED_VARIABLE = YES;
				IPHONEOS_DEPLOYMENT_TARGET = 14.2;
				MTL_ENABLE_DEBUG_INFO = NO;
				MTL_FAST_MATH = YES;
				SDKROOT = iphoneos;
				SWIFT_COMPILATION_MODE = wholemodule;
				SWIFT_OPTIMIZATION_LEVEL = "-O";
				VALIDATE_PRODUCT = YES;
			};
			name = Release;
		};
		39A1050D25AD79E5000E81F0 /* Debug */ = {
			isa = XCBuildConfiguration;
			buildSettings = {
				ASSETCATALOG_COMPILER_APPICON_NAME = AppIcon;
				ASSETCATALOG_COMPILER_GLOBAL_ACCENT_COLOR_NAME = AccentColor;
				CODE_SIGN_STYLE = Automatic;
				INFOPLIST_FILE = BreakingBadCharacters/Info.plist;
				LD_RUNPATH_SEARCH_PATHS = (
					"$(inherited)",
					"@executable_path/Frameworks",
				);
				PRODUCT_BUNDLE_IDENTIFIER = test.BreakingBadCharacters;
				PRODUCT_NAME = "$(TARGET_NAME)";
				SWIFT_VERSION = 5.0;
				TARGETED_DEVICE_FAMILY = "1,2";
			};
			name = Debug;
		};
		39A1050E25AD79E5000E81F0 /* Release */ = {
			isa = XCBuildConfiguration;
			buildSettings = {
				ASSETCATALOG_COMPILER_APPICON_NAME = AppIcon;
				ASSETCATALOG_COMPILER_GLOBAL_ACCENT_COLOR_NAME = AccentColor;
				CODE_SIGN_STYLE = Automatic;
				INFOPLIST_FILE = BreakingBadCharacters/Info.plist;
				LD_RUNPATH_SEARCH_PATHS = (
					"$(inherited)",
					"@executable_path/Frameworks",
				);
				PRODUCT_BUNDLE_IDENTIFIER = test.BreakingBadCharacters;
				PRODUCT_NAME = "$(TARGET_NAME)";
				SWIFT_VERSION = 5.0;
				TARGETED_DEVICE_FAMILY = "1,2";
			};
			name = Release;
		};
		39A1051025AD79E5000E81F0 /* Debug */ = {
			isa = XCBuildConfiguration;
			buildSettings = {
				ALWAYS_EMBED_SWIFT_STANDARD_LIBRARIES = YES;
				BUNDLE_LOADER = "$(TEST_HOST)";
				CODE_SIGN_STYLE = Automatic;
				INFOPLIST_FILE = BreakingBadCharactersTests/Info.plist;
				IPHONEOS_DEPLOYMENT_TARGET = 14.2;
				LD_RUNPATH_SEARCH_PATHS = (
					"$(inherited)",
					"@executable_path/Frameworks",
					"@loader_path/Frameworks",
				);
				PRODUCT_BUNDLE_IDENTIFIER = test.BreakingBadCharactersTests;
				PRODUCT_NAME = "$(TARGET_NAME)";
				SWIFT_VERSION = 5.0;
				TARGETED_DEVICE_FAMILY = "1,2";
				TEST_HOST = "$(BUILT_PRODUCTS_DIR)/BreakingBadCharacters.app/BreakingBadCharacters";
			};
			name = Debug;
		};
		39A1051125AD79E5000E81F0 /* Release */ = {
			isa = XCBuildConfiguration;
			buildSettings = {
				ALWAYS_EMBED_SWIFT_STANDARD_LIBRARIES = YES;
				BUNDLE_LOADER = "$(TEST_HOST)";
				CODE_SIGN_STYLE = Automatic;
				INFOPLIST_FILE = BreakingBadCharactersTests/Info.plist;
				IPHONEOS_DEPLOYMENT_TARGET = 14.2;
				LD_RUNPATH_SEARCH_PATHS = (
					"$(inherited)",
					"@executable_path/Frameworks",
					"@loader_path/Frameworks",
				);
				PRODUCT_BUNDLE_IDENTIFIER = test.BreakingBadCharactersTests;
				PRODUCT_NAME = "$(TARGET_NAME)";
				SWIFT_VERSION = 5.0;
				TARGETED_DEVICE_FAMILY = "1,2";
				TEST_HOST = "$(BUILT_PRODUCTS_DIR)/BreakingBadCharacters.app/BreakingBadCharacters";
			};
			name = Release;
		};
		39A1051325AD79E5000E81F0 /* Debug */ = {
			isa = XCBuildConfiguration;
			buildSettings = {
				ALWAYS_EMBED_SWIFT_STANDARD_LIBRARIES = YES;
				CODE_SIGN_STYLE = Automatic;
				INFOPLIST_FILE = BreakingBadCharactersUITests/Info.plist;
				LD_RUNPATH_SEARCH_PATHS = (
					"$(inherited)",
					"@executable_path/Frameworks",
					"@loader_path/Frameworks",
				);
				PRODUCT_BUNDLE_IDENTIFIER = test.BreakingBadCharactersUITests;
				PRODUCT_NAME = "$(TARGET_NAME)";
				SWIFT_VERSION = 5.0;
				TARGETED_DEVICE_FAMILY = "1,2";
				TEST_TARGET_NAME = BreakingBadCharacters;
			};
			name = Debug;
		};
		39A1051425AD79E5000E81F0 /* Release */ = {
			isa = XCBuildConfiguration;
			buildSettings = {
				ALWAYS_EMBED_SWIFT_STANDARD_LIBRARIES = YES;
				CODE_SIGN_STYLE = Automatic;
				INFOPLIST_FILE = BreakingBadCharactersUITests/Info.plist;
				LD_RUNPATH_SEARCH_PATHS = (
					"$(inherited)",
					"@executable_path/Frameworks",
					"@loader_path/Frameworks",
				);
				PRODUCT_BUNDLE_IDENTIFIER = test.BreakingBadCharactersUITests;
				PRODUCT_NAME = "$(TARGET_NAME)";
				SWIFT_VERSION = 5.0;
				TARGETED_DEVICE_FAMILY = "1,2";
				TEST_TARGET_NAME = BreakingBadCharacters;
			};
			name = Release;
		};
/* End XCBuildConfiguration section */

/* Begin XCConfigurationList section */
		39A104DD25AD79E1000E81F0 /* Build configuration list for PBXProject "BreakingBadCharacters" */ = {
			isa = XCConfigurationList;
			buildConfigurations = (
				39A1050A25AD79E5000E81F0 /* Debug */,
				39A1050B25AD79E5000E81F0 /* Release */,
			);
			defaultConfigurationIsVisible = 0;
			defaultConfigurationName = Release;
		};
		39A1050C25AD79E5000E81F0 /* Build configuration list for PBXNativeTarget "BreakingBadCharacters" */ = {
			isa = XCConfigurationList;
			buildConfigurations = (
				39A1050D25AD79E5000E81F0 /* Debug */,
				39A1050E25AD79E5000E81F0 /* Release */,
			);
			defaultConfigurationIsVisible = 0;
			defaultConfigurationName = Release;
		};
		39A1050F25AD79E5000E81F0 /* Build configuration list for PBXNativeTarget "BreakingBadCharactersTests" */ = {
			isa = XCConfigurationList;
			buildConfigurations = (
				39A1051025AD79E5000E81F0 /* Debug */,
				39A1051125AD79E5000E81F0 /* Release */,
			);
			defaultConfigurationIsVisible = 0;
			defaultConfigurationName = Release;
		};
		39A1051225AD79E5000E81F0 /* Build configuration list for PBXNativeTarget "BreakingBadCharactersUITests" */ = {
			isa = XCConfigurationList;
			buildConfigurations = (
				39A1051325AD79E5000E81F0 /* Debug */,
				39A1051425AD79E5000E81F0 /* Release */,
			);
			defaultConfigurationIsVisible = 0;
			defaultConfigurationName = Release;
		};
/* End XCConfigurationList section */
	};
	rootObject = 39A104DA25AD79E1000E81F0 /* Project object */;
}
